PODS:
  - GoogleMaps (7.1.0):
    - GoogleMaps/Maps (= 7.1.0)
  - GoogleMaps/Base (7.1.0)
  - GoogleMaps/Maps (7.1.0):
    - GoogleMaps/Base

DEPENDENCIES:
  - GoogleMaps

SPEC REPOS:
  https://github.com/CocoaPods/Specs.git:
    - GoogleMaps

SPEC CHECKSUMS:
  GoogleMaps: bc56ffb0324e345a2d91bac1a64a920f9c8f1b20

PODFILE CHECKSUM: f3b9e38d72e6149798bdbaa933fd2879e9bd285b

COCOAPODS: 1.11.2
